{
  "version": 4,
  "terraform_version": "0.15.1",
  "serial": 17,
  "lineage": "ac35c6e6-fc4b-6138-1d4f-6ac422b8db95",
  "outputs": {
    "codebuild_role": {
      "value": {
        "arn": "arn:aws:iam::556070338223:role/codebuild",
        "assume_role_policy": "{\"Version\":\"2012-10-17\",\"Statement\":[{\"Effect\":\"Allow\",\"Principal\":{\"Service\":\"codebuild.amazonaws.com\"},\"Action\":\"sts:AssumeRole\"}]}",
        "create_date": "2022-04-18T01:29:29Z",
        "description": "",
        "force_detach_policies": false,
        "id": "codebuild",
        "inline_policy": [
          {
            "name": "terraform-20220418012929578700000001",
            "policy": "{\n  \"Version\": \"2012-10-17\",\n  \"Statement\": [\n    {\n      \"Effect\": \"Allow\",\n      \"Resource\": \"*\",\n      \"Action\": [\n        \"logs:CreateLogGroup\",\n        \"logs:CreateLogStream\",\n        \"logs:PutLogEvents\",\n        \"logs:DeleteLogGroup\"\n      ]\n    },\n    {\n      \"Effect\": \"Allow\",\n      \"Resource\": \"arn:aws:iam::556070338223:role/*\",\n      \"Action\": [\n        \"iam:PassRole\"\n      ]\n    },\n    {\n      \"Effect\": \"Allow\",\n      \"Action\": [\n          \"ecr:GetAuthorizationToken\",\n          \"ecr:BatchCheckLayerAvailability\",\n          \"ecr:GetDownloadUrlForLayer\",\n          \"ecr:GetRepositoryPolicy\",\n          \"ecr:DescribeRepositories\",\n          \"ecr:ListImages\",\n          \"ecr:DescribeImages\",\n          \"ecr:BatchGetImage\",\n          \"ecr:GetLifecyclePolicy\",\n          \"ecr:GetLifecyclePolicyPreview\",\n          \"ecr:ListTagsForResource\",\n          \"ecr:DescribeImageScanFindings\",\n          \"ecr:BatchCheckLayerAvailability\",\n          \"ecr:CompleteLayerUpload\",\n          \"ecr:GetAuthorizationToken\",\n          \"ecr:InitiateLayerUpload\",\n          \"ecr:PutImage\",\n          \"ecr:UploadLayerPart\"\n      ],\n      \"Resource\": \"*\"\n    },\n    {\n      \"Effect\": \"Allow\",\n      \"Action\": [\n          \"cloudformation:*\"\n      ],\n      \"Resource\": \"*\"\n    }\n  ]  \n}\n"
          }
        ],
        "managed_policy_arns": [
          "arn:aws:iam::556070338223:policy/service-role/CodeBuildBasePolicy-test-build-ap-south-1"
        ],
        "max_session_duration": 3600,
        "name": "codebuild",
        "name_prefix": "",
        "path": "/",
        "permissions_boundary": null,
        "tags": {},
        "tags_all": {},
        "unique_id": "AROAYC6C772X44JPEQ5U4"
      },
      "type": [
        "object",
        {
          "arn": "string",
          "assume_role_policy": "string",
          "create_date": "string",
          "description": "string",
          "force_detach_policies": "bool",
          "id": "string",
          "inline_policy": [
            "set",
            [
              "object",
              {
                "name": "string",
                "policy": "string"
              }
            ]
          ],
          "managed_policy_arns": [
            "set",
            "string"
          ],
          "max_session_duration": "number",
          "name": "string",
          "name_prefix": "string",
          "path": "string",
          "permissions_boundary": "string",
          "tags": [
            "map",
            "string"
          ],
          "tags_all": [
            "map",
            "string"
          ],
          "unique_id": "string"
        }
      ]
    }
  },
  "resources": [
    {
      "mode": "managed",
      "type": "aws_codebuild_project",
      "name": "test_codebuild",
      "provider": "provider[\"registry.terraform.io/hashicorp/aws\"]",
      "instances": [
        {
          "schema_version": 0,
          "attributes": {
            "arn": "arn:aws:codebuild:ap-south-1:556070338223:project/test-build",
            "artifacts": [
              {
                "artifact_identifier": "",
                "bucket_owner_access": "",
                "encryption_disabled": false,
                "location": "",
                "name": "",
                "namespace_type": "",
                "override_artifact_name": false,
                "packaging": "",
                "path": "",
                "type": "NO_ARTIFACTS"
              }
            ],
            "badge_enabled": false,
            "badge_url": "",
            "build_batch_config": [],
            "build_timeout": 60,
            "cache": [
              {
                "location": "",
                "modes": [],
                "type": "NO_CACHE"
              }
            ],
            "concurrent_build_limit": 0,
            "description": "test-build",
            "encryption_key": "arn:aws:kms:ap-south-1:556070338223:alias/aws/s3",
            "environment": [
              {
                "certificate": "",
                "compute_type": "BUILD_GENERAL1_SMALL",
                "environment_variable": [
                  {
                    "name": "AWS_ACCOUNT_ID",
                    "type": "PLAINTEXT",
                    "value": "556070338223"
                  },
                  {
                    "name": "AWS_DEFAULT_REGION",
                    "type": "PLAINTEXT",
                    "value": "ap-south-1"
                  },
                  {
                    "name": "IMAGE_REPO_NAME",
                    "type": "PLAINTEXT",
                    "value": "test"
                  },
                  {
                    "name": "IMAGE_TAG",
                    "type": "PLAINTEXT",
                    "value": "test"
                  }
                ],
                "image": "aws/codebuild/standard:3.0",
                "image_pull_credentials_type": "CODEBUILD",
                "privileged_mode": true,
                "registry_credential": [],
                "type": "LINUX_CONTAINER"
              }
            ],
            "file_system_locations": [],
            "id": "arn:aws:codebuild:ap-south-1:556070338223:project/test-build",
            "logs_config": [
              {
                "cloudwatch_logs": [
                  {
                    "group_name": "codebuild",
                    "status": "ENABLED",
                    "stream_name": "test-build"
                  }
                ],
                "s3_logs": [
                  {
                    "bucket_owner_access": "",
                    "encryption_disabled": false,
                    "location": "",
                    "status": "DISABLED"
                  }
                ]
              }
            ],
            "name": "test-build",
            "project_visibility": "PRIVATE",
            "public_project_alias": "",
            "queued_timeout": 480,
            "resource_access_role": "",
            "secondary_artifacts": [],
            "secondary_source_version": [],
            "secondary_sources": [],
            "service_role": "arn:aws:iam::556070338223:role/codebuild",
            "source": [
              {
                "auth": [],
                "build_status_config": [],
                "buildspec": "src/buildspec.yml",
                "git_clone_depth": 0,
                "git_submodules_config": [],
                "insecure_ssl": false,
                "location": "https://github.com/gaurav-fk/test.git",
                "report_build_status": false,
                "type": "GITHUB"
              }
            ],
            "source_version": "main",
            "tags": {},
            "tags_all": {},
            "vpc_config": []
          },
          "sensitive_attributes": [],
          "private": "bnVsbA=="
        }
      ]
    },
    {
      "mode": "managed",
      "type": "aws_codebuild_webhook",
      "name": "test_webhook",
      "provider": "provider[\"registry.terraform.io/hashicorp/aws\"]",
      "instances": [
        {
          "schema_version": 0,
          "attributes": {
            "branch_filter": "",
            "build_type": "",
            "filter_group": [
              {
                "filter": [
                  {
                    "exclude_matched_pattern": false,
                    "pattern": "PUSH",
                    "type": "EVENT"
                  },
                  {
                    "exclude_matched_pattern": false,
                    "pattern": "refs/heads/main",
                    "type": "HEAD_REF"
                  },
                  {
                    "exclude_matched_pattern": false,
                    "pattern": "^src/.*",
                    "type": "FILE_PATH"
                  }
                ]
              }
            ],
            "id": "test-build",
            "payload_url": "https://codebuild.ap-south-1.amazonaws.com/webhooks?t=eyJlbmNyeXB0ZWREYXRhIjoiWmZic0drN2F4N0trQ2JzWllsaE5CdDhvQThOOU93L0NNcFhFSTA1UkFaSXB1TFRCKzBCekZqcGtwcFA0OHoybGx5RnV6QzAxQVV5WlMxVlBLODhEdjNBPSIsIml2UGFyYW1ldGVyU3BlYyI6ImJDWFlvV2QxaDBPb0lORW4iLCJtYXRlcmlhbFNldFNlcmlhbCI6MX0%3D\u0026v=1",
            "project_name": "test-build",
            "secret": "",
            "url": "https://api.github.com/repos/gaurav-fk/test/hooks/353818308"
          },
          "sensitive_attributes": [],
          "private": "bnVsbA==",
          "dependencies": [
            "aws_codebuild_project.test_codebuild"
          ]
        }
      ]
    },
    {
      "mode": "managed",
      "type": "aws_ecr_repository",
      "name": "test",
      "provider": "provider[\"registry.terraform.io/hashicorp/aws\"]",
      "instances": [
        {
          "schema_version": 0,
          "attributes": {
            "arn": "arn:aws:ecr:ap-south-1:556070338223:repository/test",
            "encryption_configuration": [
              {
                "encryption_type": "AES256",
                "kms_key": ""
              }
            ],
            "id": "test",
            "image_scanning_configuration": [
              {
                "scan_on_push": true
              }
            ],
            "image_tag_mutability": "MUTABLE",
            "name": "test",
            "registry_id": "556070338223",
            "repository_url": "556070338223.dkr.ecr.ap-south-1.amazonaws.com/test",
            "tags": {},
            "tags_all": {},
            "timeouts": null
          },
          "sensitive_attributes": [],
          "private": "eyJlMmJmYjczMC1lY2FhLTExZTYtOGY4OC0zNDM2M2JjN2M0YzAiOnsiZGVsZXRlIjoxMjAwMDAwMDAwMDAwfX0="
        }
      ]
    },
    {
      "mode": "managed",
      "type": "aws_iam_role",
      "name": "codebuild",
      "provider": "provider[\"registry.terraform.io/hashicorp/aws\"]",
      "instances": [
        {
          "schema_version": 0,
          "attributes": {
            "arn": "arn:aws:iam::556070338223:role/codebuild",
            "assume_role_policy": "{\"Version\":\"2012-10-17\",\"Statement\":[{\"Effect\":\"Allow\",\"Principal\":{\"Service\":\"codebuild.amazonaws.com\"},\"Action\":\"sts:AssumeRole\"}]}",
            "create_date": "2022-04-18T01:29:29Z",
            "description": "",
            "force_detach_policies": false,
            "id": "codebuild",
            "inline_policy": [
              {
                "name": "terraform-20220418012929578700000001",
                "policy": "{\n  \"Version\": \"2012-10-17\",\n  \"Statement\": [\n    {\n      \"Effect\": \"Allow\",\n      \"Resource\": \"*\",\n      \"Action\": [\n        \"logs:CreateLogGroup\",\n        \"logs:CreateLogStream\",\n        \"logs:PutLogEvents\",\n        \"logs:DeleteLogGroup\"\n      ]\n    },\n    {\n      \"Effect\": \"Allow\",\n      \"Resource\": \"arn:aws:iam::556070338223:role/*\",\n      \"Action\": [\n        \"iam:PassRole\"\n      ]\n    },\n    {\n      \"Effect\": \"Allow\",\n      \"Action\": [\n          \"ecr:GetAuthorizationToken\",\n          \"ecr:BatchCheckLayerAvailability\",\n          \"ecr:GetDownloadUrlForLayer\",\n          \"ecr:GetRepositoryPolicy\",\n          \"ecr:DescribeRepositories\",\n          \"ecr:ListImages\",\n          \"ecr:DescribeImages\",\n          \"ecr:BatchGetImage\",\n          \"ecr:GetLifecyclePolicy\",\n          \"ecr:GetLifecyclePolicyPreview\",\n          \"ecr:ListTagsForResource\",\n          \"ecr:DescribeImageScanFindings\",\n          \"ecr:BatchCheckLayerAvailability\",\n          \"ecr:CompleteLayerUpload\",\n          \"ecr:GetAuthorizationToken\",\n          \"ecr:InitiateLayerUpload\",\n          \"ecr:PutImage\",\n          \"ecr:UploadLayerPart\"\n      ],\n      \"Resource\": \"*\"\n    },\n    {\n      \"Effect\": \"Allow\",\n      \"Action\": [\n          \"cloudformation:*\"\n      ],\n      \"Resource\": \"*\"\n    }\n  ]  \n}\n"
              }
            ],
            "managed_policy_arns": [
              "arn:aws:iam::556070338223:policy/service-role/CodeBuildBasePolicy-test-build-ap-south-1"
            ],
            "max_session_duration": 3600,
            "name": "codebuild",
            "name_prefix": "",
            "path": "/",
            "permissions_boundary": null,
            "tags": {},
            "tags_all": {},
            "unique_id": "AROAYC6C772X44JPEQ5U4"
          },
          "sensitive_attributes": [],
          "private": "bnVsbA=="
        }
      ]
    },
    {
      "mode": "managed",
      "type": "aws_iam_role_policy",
      "name": "codebuild_policy",
      "provider": "provider[\"registry.terraform.io/hashicorp/aws\"]",
      "instances": [
        {
          "schema_version": 0,
          "attributes": {
            "id": "codebuild:terraform-20220418012929578700000001",
            "name": "terraform-20220418012929578700000001",
            "name_prefix": null,
            "policy": "{\n  \"Version\": \"2012-10-17\",\n  \"Statement\": [\n    {\n      \"Effect\": \"Allow\",\n      \"Resource\": \"*\",\n      \"Action\": [\n        \"logs:CreateLogGroup\",\n        \"logs:CreateLogStream\",\n        \"logs:PutLogEvents\",\n        \"logs:DeleteLogGroup\"\n      ]\n    },\n    {\n      \"Effect\": \"Allow\",\n      \"Resource\": \"arn:aws:iam::556070338223:role/*\",\n      \"Action\": [\n        \"iam:PassRole\"\n      ]\n    },\n    {\n      \"Effect\": \"Allow\",\n      \"Action\": [\n          \"ecr:GetAuthorizationToken\",\n          \"ecr:BatchCheckLayerAvailability\",\n          \"ecr:GetDownloadUrlForLayer\",\n          \"ecr:GetRepositoryPolicy\",\n          \"ecr:DescribeRepositories\",\n          \"ecr:ListImages\",\n          \"ecr:DescribeImages\",\n          \"ecr:BatchGetImage\",\n          \"ecr:GetLifecyclePolicy\",\n          \"ecr:GetLifecyclePolicyPreview\",\n          \"ecr:ListTagsForResource\",\n          \"ecr:DescribeImageScanFindings\",\n          \"ecr:BatchCheckLayerAvailability\",\n          \"ecr:CompleteLayerUpload\",\n          \"ecr:GetAuthorizationToken\",\n          \"ecr:InitiateLayerUpload\",\n          \"ecr:PutImage\",\n          \"ecr:UploadLayerPart\"\n      ],\n      \"Resource\": \"*\"\n    },\n    {\n      \"Effect\": \"Allow\",\n      \"Action\": [\n          \"cloudformation:*\"\n      ],\n      \"Resource\": \"*\"\n    }\n  ]  \n}\n",
            "role": "codebuild"
          },
          "sensitive_attributes": [],
          "private": "bnVsbA==",
          "dependencies": [
            "aws_iam_role.codebuild"
          ]
        }
      ]
    }
  ]
}
