{
  "version": 4,
  "terraform_version": "0.15.1",
  "serial": 15,
  "lineage": "4b48e0bb-3298-c21e-2672-da7fd21f8f75",
  "outputs": {},
  "resources": [
    {
      "mode": "managed",
      "type": "buddy_integration",
      "name": "aws",
      "provider": "provider[\"registry.terraform.io/buddy/buddy\"]",
      "instances": [
        {
          "schema_version": 0,
          "attributes": {
            "access_key": "AKIAYC6C772XTY2YTU76",
            "api_key": null,
            "app_id": null,
            "domain": "gauravjgec",
            "email": null,
            "group_id": 0,
            "html_url": "https://app.buddy.works/gauravjgec/workspace/integrations",
            "id": "gauravjgec:X2lwGqLkzPdy75ZPaQrov3KBgA",
            "integration_id": "X2lwGqLkzPdy75ZPaQrov3KBgA",
            "name": "ecr access",
            "password": null,
            "project_name": "",
            "role_assumption": [],
            "scope": "ADMIN",
            "secret_key": "uIRMj8C9V3VUyJXpU8Uekizev0k7KyyVqtGUVNyk",
            "shop": null,
            "tenant_id": null,
            "token": null,
            "type": "AMAZON",
            "username": null
          },
          "sensitive_attributes": [],
          "private": "bnVsbA=="
        }
      ]
    },
    {
      "mode": "managed",
      "type": "buddy_pipeline",
      "name": "event_push",
      "provider": "provider[\"registry.terraform.io/buddy/buddy\"]",
      "instances": [
        {
          "schema_version": 0,
          "attributes": {
            "always_from_scratch": false,
            "auto_clear_cache": false,
            "clone_depth": 0,
            "create_date": "2022-04-17T12:56:39Z",
            "creator": [
              {
                "admin": true,
                "avatar_url": "https://app.buddy.works/image-server/user/0/3/4/4/4/4/9/18c926b6869024a516d4ad63885ef0e4/w/32/32/AVATAR.png",
                "email": "gaurav.jgec@gmail.com",
                "html_url": "https://app.buddy.works/gauravjgec/profile/344449",
                "member_id": 344449,
                "name": "Kumar Gaurav",
                "workspace_owner": true
              }
            ],
            "cron": "",
            "definition_source": "LOCAL",
            "delay": 0,
            "disabled": false,
            "disabling_reason": "",
            "do_not_create_commit_status": false,
            "domain": "gauravjgec",
            "event": [
              {
                "refs": [
                  "refs/heads/main"
                ],
                "type": "PUSH"
              }
            ],
            "execution_message_template": "",
            "fail_on_prepare_env_warning": false,
            "fetch_all_refs": true,
            "html_url": "https://app.buddy.works/gauravjgec/demo/pipelines/pipeline/386319",
            "id": "gauravjgec:demo:386319",
            "ignore_fail_on_project_status": false,
            "last_execution_revision": "",
            "last_execution_status": "INITIAL",
            "name": "event_push",
            "no_skip_to_most_recent": false,
            "on": "EVENT",
            "paused": false,
            "pipeline_id": 386319,
            "priority": "HIGH",
            "project": [
              {
                "display_name": "demo",
                "html_url": "https://app.buddy.works/gauravjgec/demo",
                "name": "demo",
                "status": "ACTIVE"
              }
            ],
            "project_name": "demo",
            "refs": [],
            "remote_branch": "",
            "remote_parameter": [],
            "remote_path": "",
            "remote_project_name": "",
            "start_date": "",
            "tags": [],
            "target_site_url": "",
            "trigger_condition": [],
            "worker": ""
          },
          "sensitive_attributes": [],
          "private": "bnVsbA=="
        }
      ]
    },
    {
      "mode": "managed",
      "type": "buddy_project",
      "name": "github",
      "provider": "provider[\"registry.terraform.io/buddy/buddy\"]",
      "instances": [
        {
          "schema_version": 0,
          "attributes": {
            "create_date": "2022-04-17T12:56:17Z",
            "created_by": [
              {
                "admin": true,
                "avatar_url": "https://app.buddy.works/image-server/user/0/3/4/4/4/4/9/18c926b6869024a516d4ad63885ef0e4/w/32/32/AVATAR.png",
                "email": "gaurav.jgec@gmail.com",
                "html_url": "https://app.buddy.works/gauravjgec/profile/344449",
                "member_id": 344449,
                "name": "Kumar Gaurav",
                "workspace_owner": true
              }
            ],
            "custom_repo_pass": null,
            "custom_repo_url": null,
            "custom_repo_user": null,
            "default_branch": "main",
            "display_name": "demo",
            "domain": "gauravjgec",
            "external_project_id": "gaurav-fk/test",
            "git_lab_project_id": null,
            "html_url": "https://app.buddy.works/gauravjgec/demo",
            "http_repository": "https://app.buddy.works/gauravjgec/demo",
            "id": "gauravjgec:demo",
            "integration_id": "Nz7x3VXyMYerB5jKeOBQn6LlRG",
            "key_fingerprint": "26:fe:7e:3b:cb:68:5a:2c:04:a8:22:bf:52:70:e4:a6",
            "name": "demo",
            "ssh_public_key": "ssh-rsa AAAAB3NzaC1yc2EAAAADAQABAAABAQCUBSN3gorB+YRV+q3KDl9hc13JeuyhnHjz9O3wLF4QtJgrSwCjeXToDyOXNwBawh5xjOIERoED8Vunh3xqaF6xBmPja5WZx4Dij4kSHr3wfK6o1cbJ5OS72Ej7tUautdrhHGYzgPwa0DMVPsFOaCDxMyyBK9kDJmoLwmiMt8EiRLJtU9cGSCBrrSYTxhEW9fXP4nKivEZ3WesrLNPl7puEE3BlMVkfmTHTdYO4aUNDrT6ug5b1u/gDSmbeXQ3SCpfMRdevrRUPE/q76UexWxuCVurFzQ2cUNqLDXNxwktKxWKs+jR0kBHJBh3MTCNc2pVvBSgVFzfC1BtsNDf1YZMh demo Key\n",
            "ssh_repository": "buddy@app.buddy.works:gauravjgec/demo",
            "status": "ACTIVE"
          },
          "sensitive_attributes": [],
          "private": "bnVsbA=="
        }
      ]
    }
  ]
}
